
Microsoft Visual Studio Solution File, Format Version 12.00
# Visual Studio Version 16
VisualStudioVersion = 16.0.31911.196
MinimumVisualStudioVersion = 10.0.40219.1
Project("{FAE04EC0-301F-11D3-BF4B-00C04F79EFBC}") = "Clinic System", "Clinic System\Clinic System.csproj", "{8B812411-D17C-42E1-96EE-A3C519BFCA4F}"
EndProject
Global
	GlobalSection(SolutionConfigurationPlatforms) = preSolution
		Debug|Any CPU = Debug|Any CPU
		Release|Any CPU = Release|Any CPU
	EndGlobalSection
	GlobalSection(ProjectConfigurationPlatforms) = postSolution
		{8B812411-D17C-42E1-96EE-A3C519BFCA4F}.Debug|Any CPU.ActiveCfg = Debug|Any CPU
		{8B812411-D17C-42E1-96EE-A3C519BFCA4F}.Debug|Any CPU.Build.0 = Debug|Any CPU
		{8B812411-D17C-42E1-96EE-A3C519BFCA4F}.Release|Any CPU.ActiveCfg = Release|Any CPU
		{8B812411-D17C-42E1-96EE-A3C519BFCA4F}.Release|Any CPU.Build.0 = Release|Any CPU
	EndGlobalSection
	GlobalSection(SolutionProperties) = preSolution
		HideSolutionNode = FALSE
	EndGlobalSection
	GlobalSection(ExtensibilityGlobals) = postSolution
		SolutionGuid = {6D05B09E-888D-42D7-AAB1-465EA9A9EE2D}
	EndGlobalSection
EndGlobal
